// !$*UTF8*$!
{
	archiveVersion = 1;
	classes = {
	};
	objectVersion = 48;
	objects = {

/* Begin PBXBuildFile section */
		0B37CFC31F763F440050146B /* Welcome.storyboard in Resources */ = {isa = PBXBuildFile; fileRef = 0B37CFC21F763F440050146B /* Welcome.storyboard */; };
		0B37CFC81F7642AB0050146B /* Welcome_host.swift in Sources */ = {isa = PBXBuildFile; fileRef = 0B37CFC71F7642AB0050146B /* Welcome_host.swift */; };
		0B37CFCD1F7670E00050146B /* Welcome_main.swift in Sources */ = {isa = PBXBuildFile; fileRef = 0B37CFCC1F7670E00050146B /* Welcome_main.swift */; };
		0B4B18991F779D2A00BC4B2D /* pax_picker.swift in Sources */ = {isa = PBXBuildFile; fileRef = 0B4B18981F779D2A00BC4B2D /* pax_picker.swift */; };
		0B4B189B1F77A0FA00BC4B2D /* Homestay_page2_schema.swift in Sources */ = {isa = PBXBuildFile; fileRef = 0B4B189A1F77A0FA00BC4B2D /* Homestay_page2_schema.swift */; };
		0B4B189D1F77A23400BC4B2D /* Homestay_page3_schema.swift in Sources */ = {isa = PBXBuildFile; fileRef = 0B4B189C1F77A23400BC4B2D /* Homestay_page3_schema.swift */; };
		0B795B371F7596CF00252B9F /* AppDelegate.swift in Sources */ = {isa = PBXBuildFile; fileRef = 0B795B361F7596CF00252B9F /* AppDelegate.swift */; };
		0B795B3E1F7596CF00252B9F /* Assets.xcassets in Resources */ = {isa = PBXBuildFile; fileRef = 0B795B3D1F7596CF00252B9F /* Assets.xcassets */; };
		0B795B411F7596CF00252B9F /* LaunchScreen.storyboard in Resources */ = {isa = PBXBuildFile; fileRef = 0B795B3F1F7596CF00252B9F /* LaunchScreen.storyboard */; };
		0B795B4D1F75971700252B9F /* Bookinglist_main.swift in Sources */ = {isa = PBXBuildFile; fileRef = 0B795B4B1F75971600252B9F /* Bookinglist_main.swift */; };
		0B795B4E1F75971700252B9F /* Bookinglist_detail.swift in Sources */ = {isa = PBXBuildFile; fileRef = 0B795B4C1F75971700252B9F /* Bookinglist_detail.swift */; };
		0B795B581F75972000252B9F /* booknow_confirmation.swift in Sources */ = {isa = PBXBuildFile; fileRef = 0B795B531F75972000252B9F /* booknow_confirmation.swift */; };
		0B795B5D1F75972700252B9F /* Login.swift in Sources */ = {isa = PBXBuildFile; fileRef = 0B795B591F75972600252B9F /* Login.swift */; };
		0B795B5E1F75972700252B9F /* reset_password.swift in Sources */ = {isa = PBXBuildFile; fileRef = 0B795B5A1F75972600252B9F /* reset_password.swift */; };
		0B795B601F75972700252B9F /* sign_up.swift in Sources */ = {isa = PBXBuildFile; fileRef = 0B795B5C1F75972700252B9F /* sign_up.swift */; };
		0B795B621F75972D00252B9F /* Profile.swift in Sources */ = {isa = PBXBuildFile; fileRef = 0B795B611F75972D00252B9F /* Profile.swift */; };
		0B795B681F75973500252B9F /* Booking_schema.swift in Sources */ = {isa = PBXBuildFile; fileRef = 0B795B631F75973300252B9F /* Booking_schema.swift */; };
		0B795B691F75973500252B9F /* User_schema.swift in Sources */ = {isa = PBXBuildFile; fileRef = 0B795B641F75973400252B9F /* User_schema.swift */; };
		0B795B6A1F75973500252B9F /* Customer_schema.swift in Sources */ = {isa = PBXBuildFile; fileRef = 0B795B651F75973400252B9F /* Customer_schema.swift */; };
		0B795B6B1F75973500252B9F /* Homestay_page1_schema.swift in Sources */ = {isa = PBXBuildFile; fileRef = 0B795B661F75973400252B9F /* Homestay_page1_schema.swift */; };
		0B795B6C1F75973500252B9F /* Company_schema.swift in Sources */ = {isa = PBXBuildFile; fileRef = 0B795B671F75973400252B9F /* Company_schema.swift */; };
		0B795B741F75974500252B9F /* Homestay_info_page2.swift in Sources */ = {isa = PBXBuildFile; fileRef = 0B795B6D1F75974300252B9F /* Homestay_info_page2.swift */; };
		0B795B751F75974500252B9F /* Homestay_info_page1.swift in Sources */ = {isa = PBXBuildFile; fileRef = 0B795B6E1F75974300252B9F /* Homestay_info_page1.swift */; };
		0B795B761F75974500252B9F /* Homestay_info_page3.swift in Sources */ = {isa = PBXBuildFile; fileRef = 0B795B6F1F75974300252B9F /* Homestay_info_page3.swift */; };
		0B795B771F75974500252B9F /* ButtonColour.swift in Sources */ = {isa = PBXBuildFile; fileRef = 0B795B701F75974400252B9F /* ButtonColour.swift */; };
		0B795B781F75974500252B9F /* Register_View.swift in Sources */ = {isa = PBXBuildFile; fileRef = 0B795B711F75974400252B9F /* Register_View.swift */; };
		0B795B791F75974500252B9F /* UItoggleButton.swift in Sources */ = {isa = PBXBuildFile; fileRef = 0B795B721F75974400252B9F /* UItoggleButton.swift */; };
		0B795B7A1F75974500252B9F /* Homestay_main.swift in Sources */ = {isa = PBXBuildFile; fileRef = 0B795B731F75974400252B9F /* Homestay_main.swift */; };
		0B795B8B1F75996300252B9F /* booknow_main.swift in Sources */ = {isa = PBXBuildFile; fileRef = 0B795B871F75996200252B9F /* booknow_main.swift */; };
		0B795B8C1F75996300252B9F /* booknow_search.swift in Sources */ = {isa = PBXBuildFile; fileRef = 0B795B881F75996200252B9F /* booknow_search.swift */; };
		0B795B8D1F75996300252B9F /* booknow_customer_registration.swift in Sources */ = {isa = PBXBuildFile; fileRef = 0B795B891F75996300252B9F /* booknow_customer_registration.swift */; };
		0B795B8E1F75996300252B9F /* booknow_customerinfo.swift in Sources */ = {isa = PBXBuildFile; fileRef = 0B795B8A1F75996300252B9F /* booknow_customerinfo.swift */; };
		0B795B971F759E5500252B9F /* Main.storyboard in Resources */ = {isa = PBXBuildFile; fileRef = 0B795B961F759E4600252B9F /* Main.storyboard */; };
		0B795B9B1F759EA100252B9F /* MainController.storyboard in Resources */ = {isa = PBXBuildFile; fileRef = 0B795B9A1F759E9800252B9F /* MainController.storyboard */; };
		0B795B9C1F759EA400252B9F /* Homestay.storyboard in Resources */ = {isa = PBXBuildFile; fileRef = 0B795B991F759E7600252B9F /* Homestay.storyboard */; };
		0B795B9D1F759EAB00252B9F /* Booknow.storyboard in Resources */ = {isa = PBXBuildFile; fileRef = 0B795B981F759E5F00252B9F /* Booknow.storyboard */; };
		0B795B9E1F759F8900252B9F /* GoogleService-Info.plist in Resources */ = {isa = PBXBuildFile; fileRef = 0B795B901F759C1800252B9F /* GoogleService-Info.plist */; };
		E9B1D6B26DE588236B9AE11B /* Pods_HMS_Express.framework in Frameworks */ = {isa = PBXBuildFile; fileRef = B1F831CDECC44F0E30D15861 /* Pods_HMS_Express.framework */; };
/* End PBXBuildFile section */

/* Begin PBXFileReference section */
		017D02EDAA384F5E13733111 /* Pods-HMS-Express.debug.xcconfig */ = {isa = PBXFileReference; includeInIndex = 1; lastKnownFileType = text.xcconfig; name = "Pods-HMS-Express.debug.xcconfig"; path = "Pods/Target Support Files/Pods-HMS-Express/Pods-HMS-Express.debug.xcconfig"; sourceTree = "<group>"; };
		0B37CFC21F763F440050146B /* Welcome.storyboard */ = {isa = PBXFileReference; lastKnownFileType = file.storyboard; path = Welcome.storyboard; sourceTree = "<group>"; };
		0B37CFC71F7642AB0050146B /* Welcome_host.swift */ = {isa = PBXFileReference; lastKnownFileType = sourcecode.swift; path = Welcome_host.swift; sourceTree = "<group>"; };
		0B37CFCC1F7670E00050146B /* Welcome_main.swift */ = {isa = PBXFileReference; lastKnownFileType = sourcecode.swift; path = Welcome_main.swift; sourceTree = "<group>"; };
		0B4B18981F779D2A00BC4B2D /* pax_picker.swift */ = {isa = PBXFileReference; lastKnownFileType = sourcecode.swift; path = pax_picker.swift; sourceTree = "<group>"; };
		0B4B189A1F77A0FA00BC4B2D /* Homestay_page2_schema.swift */ = {isa = PBXFileReference; lastKnownFileType = sourcecode.swift; path = Homestay_page2_schema.swift; sourceTree = "<group>"; };
		0B4B189C1F77A23400BC4B2D /* Homestay_page3_schema.swift */ = {isa = PBXFileReference; lastKnownFileType = sourcecode.swift; path = Homestay_page3_schema.swift; sourceTree = "<group>"; };
		0B795B331F7596CF00252B9F /* HMS-Express.app */ = {isa = PBXFileReference; explicitFileType = wrapper.application; includeInIndex = 0; path = "HMS-Express.app"; sourceTree = BUILT_PRODUCTS_DIR; };
		0B795B361F7596CF00252B9F /* AppDelegate.swift */ = {isa = PBXFileReference; lastKnownFileType = sourcecode.swift; path = AppDelegate.swift; sourceTree = "<group>"; };
		0B795B3D1F7596CF00252B9F /* Assets.xcassets */ = {isa = PBXFileReference; lastKnownFileType = folder.assetcatalog; path = Assets.xcassets; sourceTree = "<group>"; };
		0B795B401F7596CF00252B9F /* Base */ = {isa = PBXFileReference; lastKnownFileType = file.storyboard; name = Base; path = Base.lproj/LaunchScreen.storyboard; sourceTree = "<group>"; };
		0B795B421F7596CF00252B9F /* Info.plist */ = {isa = PBXFileReference; lastKnownFileType = text.plist.xml; path = Info.plist; sourceTree = "<group>"; };
		0B795B4B1F75971600252B9F /* Bookinglist_main.swift */ = {isa = PBXFileReference; lastKnownFileType = sourcecode.swift; path = Bookinglist_main.swift; sourceTree = "<group>"; };
		0B795B4C1F75971700252B9F /* Bookinglist_detail.swift */ = {isa = PBXFileReference; lastKnownFileType = sourcecode.swift; path = Bookinglist_detail.swift; sourceTree = "<group>"; };
		0B795B531F75972000252B9F /* booknow_confirmation.swift */ = {isa = PBXFileReference; lastKnownFileType = sourcecode.swift; path = booknow_confirmation.swift; sourceTree = "<group>"; };
		0B795B591F75972600252B9F /* Login.swift */ = {isa = PBXFileReference; lastKnownFileType = sourcecode.swift; path = Login.swift; sourceTree = "<group>"; };
		0B795B5A1F75972600252B9F /* reset_password.swift */ = {isa = PBXFileReference; lastKnownFileType = sourcecode.swift; path = reset_password.swift; sourceTree = "<group>"; };
		0B795B5C1F75972700252B9F /* sign_up.swift */ = {isa = PBXFileReference; lastKnownFileType = sourcecode.swift; path = sign_up.swift; sourceTree = "<group>"; };
		0B795B611F75972D00252B9F /* Profile.swift */ = {isa = PBXFileReference; lastKnownFileType = sourcecode.swift; path = Profile.swift; sourceTree = "<group>"; };
		0B795B631F75973300252B9F /* Booking_schema.swift */ = {isa = PBXFileReference; lastKnownFileType = sourcecode.swift; path = Booking_schema.swift; sourceTree = "<group>"; };
		0B795B641F75973400252B9F /* User_schema.swift */ = {isa = PBXFileReference; lastKnownFileType = sourcecode.swift; path = User_schema.swift; sourceTree = "<group>"; };
		0B795B651F75973400252B9F /* Customer_schema.swift */ = {isa = PBXFileReference; lastKnownFileType = sourcecode.swift; path = Customer_schema.swift; sourceTree = "<group>"; };
		0B795B661F75973400252B9F /* Homestay_page1_schema.swift */ = {isa = PBXFileReference; lastKnownFileType = sourcecode.swift; path = Homestay_page1_schema.swift; sourceTree = "<group>"; };
		0B795B671F75973400252B9F /* Company_schema.swift */ = {isa = PBXFileReference; lastKnownFileType = sourcecode.swift; path = Company_schema.swift; sourceTree = "<group>"; };
		0B795B6D1F75974300252B9F /* Homestay_info_page2.swift */ = {isa = PBXFileReference; lastKnownFileType = sourcecode.swift; path = Homestay_info_page2.swift; sourceTree = "<group>"; };
		0B795B6E1F75974300252B9F /* Homestay_info_page1.swift */ = {isa = PBXFileReference; lastKnownFileType = sourcecode.swift; path = Homestay_info_page1.swift; sourceTree = "<group>"; };
		0B795B6F1F75974300252B9F /* Homestay_info_page3.swift */ = {isa = PBXFileReference; lastKnownFileType = sourcecode.swift; path = Homestay_info_page3.swift; sourceTree = "<group>"; };
		0B795B701F75974400252B9F /* ButtonColour.swift */ = {isa = PBXFileReference; lastKnownFileType = sourcecode.swift; path = ButtonColour.swift; sourceTree = "<group>"; };
		0B795B711F75974400252B9F /* Register_View.swift */ = {isa = PBXFileReference; lastKnownFileType = sourcecode.swift; path = Register_View.swift; sourceTree = "<group>"; };
		0B795B721F75974400252B9F /* UItoggleButton.swift */ = {isa = PBXFileReference; lastKnownFileType = sourcecode.swift; path = UItoggleButton.swift; sourceTree = "<group>"; };
		0B795B731F75974400252B9F /* Homestay_main.swift */ = {isa = PBXFileReference; lastKnownFileType = sourcecode.swift; path = Homestay_main.swift; sourceTree = "<group>"; };
		0B795B871F75996200252B9F /* booknow_main.swift */ = {isa = PBXFileReference; lastKnownFileType = sourcecode.swift; path = booknow_main.swift; sourceTree = "<group>"; };
		0B795B881F75996200252B9F /* booknow_search.swift */ = {isa = PBXFileReference; lastKnownFileType = sourcecode.swift; path = booknow_search.swift; sourceTree = "<group>"; };
		0B795B891F75996300252B9F /* booknow_customer_registration.swift */ = {isa = PBXFileReference; lastKnownFileType = sourcecode.swift; path = booknow_customer_registration.swift; sourceTree = "<group>"; };
		0B795B8A1F75996300252B9F /* booknow_customerinfo.swift */ = {isa = PBXFileReference; lastKnownFileType = sourcecode.swift; path = booknow_customerinfo.swift; sourceTree = "<group>"; };
		0B795B901F759C1800252B9F /* GoogleService-Info.plist */ = {isa = PBXFileReference; lastKnownFileType = text.plist.xml; path = "GoogleService-Info.plist"; sourceTree = "<group>"; };
		0B795B961F759E4600252B9F /* Main.storyboard */ = {isa = PBXFileReference; lastKnownFileType = file.storyboard; path = Main.storyboard; sourceTree = "<group>"; };
		0B795B981F759E5F00252B9F /* Booknow.storyboard */ = {isa = PBXFileReference; lastKnownFileType = file.storyboard; path = Booknow.storyboard; sourceTree = "<group>"; };
		0B795B991F759E7600252B9F /* Homestay.storyboard */ = {isa = PBXFileReference; lastKnownFileType = file.storyboard; path = Homestay.storyboard; sourceTree = "<group>"; };
		0B795B9A1F759E9800252B9F /* MainController.storyboard */ = {isa = PBXFileReference; lastKnownFileType = file.storyboard; path = MainController.storyboard; sourceTree = "<group>"; };
		B1F831CDECC44F0E30D15861 /* Pods_HMS_Express.framework */ = {isa = PBXFileReference; explicitFileType = wrapper.framework; includeInIndex = 0; path = Pods_HMS_Express.framework; sourceTree = BUILT_PRODUCTS_DIR; };
		F594A3D31AA5E6C58D875561 /* Pods-HMS-Express.release.xcconfig */ = {isa = PBXFileReference; includeInIndex = 1; lastKnownFileType = text.xcconfig; name = "Pods-HMS-Express.release.xcconfig"; path = "Pods/Target Support Files/Pods-HMS-Express/Pods-HMS-Express.release.xcconfig"; sourceTree = "<group>"; };
/* End PBXFileReference section */

/* Begin PBXFrameworksBuildPhase section */
		0B795B301F7596CF00252B9F /* Frameworks */ = {
			isa = PBXFrameworksBuildPhase;
			buildActionMask = 2147483647;
			files = (
				E9B1D6B26DE588236B9AE11B /* Pods_HMS_Express.framework in Frameworks */,
			);
			runOnlyForDeploymentPostprocessing = 0;
		};
/* End PBXFrameworksBuildPhase section */

/* Begin PBXGroup section */
		0B37CFC41F7642440050146B /* Welcome */ = {
			isa = PBXGroup;
			children = (
				0B37CFCC1F7670E00050146B /* Welcome_main.swift */,
				0B37CFC71F7642AB0050146B /* Welcome_host.swift */,
			);
			path = Welcome;
			sourceTree = "<group>";
		};
		0B795B2A1F7596CF00252B9F = {
			isa = PBXGroup;
			children = (
				0B795B351F7596CF00252B9F /* HMS-Express */,
				0B795B341F7596CF00252B9F /* Products */,
				6D9C895622ECDC45DF57C303 /* Pods */,
				79FA6096F7552C1160C603E4 /* Frameworks */,
			);
			sourceTree = "<group>";
		};
		0B795B341F7596CF00252B9F /* Products */ = {
			isa = PBXGroup;
			children = (
				0B795B331F7596CF00252B9F /* HMS-Express.app */,
			);
			name = Products;
			sourceTree = "<group>";
		};
		0B795B351F7596CF00252B9F /* HMS-Express */ = {
			isa = PBXGroup;
			children = (
				0B795B361F7596CF00252B9F /* AppDelegate.swift */,
				0B37CFC41F7642440050146B /* Welcome */,
				0B795B861F75994300252B9F /* Booking */,
				0B795B8F1F75997500252B9F /* Book Now */,
				0B795B841F7598BF00252B9F /* Profile */,
				0B795B831F75989F00252B9F /* Login */,
				0B795B801F75985E00252B9F /* Homestay */,
				0B795B851F7598CA00252B9F /* HMStoggle */,
				0B795B821F75988700252B9F /* Schema */,
				0B795B3D1F7596CF00252B9F /* Assets.xcassets */,
				0B795B991F759E7600252B9F /* Homestay.storyboard */,
				0B795B9A1F759E9800252B9F /* MainController.storyboard */,
				0B795B981F759E5F00252B9F /* Booknow.storyboard */,
				0B795B961F759E4600252B9F /* Main.storyboard */,
				0B37CFC21F763F440050146B /* Welcome.storyboard */,
				0B795B3F1F7596CF00252B9F /* LaunchScreen.storyboard */,
				0B795B901F759C1800252B9F /* GoogleService-Info.plist */,
				0B795B421F7596CF00252B9F /* Info.plist */,
			);
			path = "HMS-Express";
			sourceTree = "<group>";
		};
		0B795B801F75985E00252B9F /* Homestay */ = {
			isa = PBXGroup;
			children = (
				0B795B711F75974400252B9F /* Register_View.swift */,
				0B795B6E1F75974300252B9F /* Homestay_info_page1.swift */,
				0B795B6D1F75974300252B9F /* Homestay_info_page2.swift */,
				0B795B6F1F75974300252B9F /* Homestay_info_page3.swift */,
				0B795B731F75974400252B9F /* Homestay_main.swift */,
			);
			path = Homestay;
			sourceTree = "<group>";
		};
		0B795B821F75988700252B9F /* Schema */ = {
			isa = PBXGroup;
			children = (
				0B795B631F75973300252B9F /* Booking_schema.swift */,
				0B795B671F75973400252B9F /* Company_schema.swift */,
				0B795B651F75973400252B9F /* Customer_schema.swift */,
				0B4B189A1F77A0FA00BC4B2D /* Homestay_page2_schema.swift */,
				0B4B189C1F77A23400BC4B2D /* Homestay_page3_schema.swift */,
				0B795B661F75973400252B9F /* Homestay_page1_schema.swift */,
				0B795B641F75973400252B9F /* User_schema.swift */,
			);
			path = Schema;
			sourceTree = "<group>";
		};
		0B795B831F75989F00252B9F /* Login */ = {
			isa = PBXGroup;
			children = (
				0B795B591F75972600252B9F /* Login.swift */,
				0B795B5A1F75972600252B9F /* reset_password.swift */,
				0B795B5C1F75972700252B9F /* sign_up.swift */,
			);
			path = Login;
			sourceTree = "<group>";
		};
		0B795B841F7598BF00252B9F /* Profile */ = {
			isa = PBXGroup;
			children = (
				0B795B611F75972D00252B9F /* Profile.swift */,
			);
			path = Profile;
			sourceTree = "<group>";
		};
		0B795B851F7598CA00252B9F /* HMStoggle */ = {
			isa = PBXGroup;
			children = (
				0B795B721F75974400252B9F /* UItoggleButton.swift */,
				0B795B701F75974400252B9F /* ButtonColour.swift */,
				0B4B18981F779D2A00BC4B2D /* pax_picker.swift */,
			);
			path = HMStoggle;
			sourceTree = "<group>";
		};
		0B795B861F75994300252B9F /* Booking */ = {
			isa = PBXGroup;
			children = (
				0B795B4C1F75971700252B9F /* Bookinglist_detail.swift */,
				0B795B4B1F75971600252B9F /* Bookinglist_main.swift */,
			);
			path = Booking;
			sourceTree = "<group>";
		};
		0B795B8F1F75997500252B9F /* Book Now */ = {
			isa = PBXGroup;
			children = (
				0B795B531F75972000252B9F /* booknow_confirmation.swift */,
				0B795B891F75996300252B9F /* booknow_customer_registration.swift */,
				0B795B8A1F75996300252B9F /* booknow_customerinfo.swift */,
				0B795B871F75996200252B9F /* booknow_main.swift */,
				0B795B881F75996200252B9F /* booknow_search.swift */,
			);
			path = "Book Now";
			sourceTree = "<group>";
		};
		6D9C895622ECDC45DF57C303 /* Pods */ = {
			isa = PBXGroup;
			children = (
				017D02EDAA384F5E13733111 /* Pods-HMS-Express.debug.xcconfig */,
				F594A3D31AA5E6C58D875561 /* Pods-HMS-Express.release.xcconfig */,
			);
			name = Pods;
			sourceTree = "<group>";
		};
		79FA6096F7552C1160C603E4 /* Frameworks */ = {
			isa = PBXGroup;
			children = (
				B1F831CDECC44F0E30D15861 /* Pods_HMS_Express.framework */,
			);
			name = Frameworks;
			sourceTree = "<group>";
		};
/* End PBXGroup section */

/* Begin PBXNativeTarget section */
		0B795B321F7596CF00252B9F /* HMS-Express */ = {
			isa = PBXNativeTarget;
			buildConfigurationList = 0B795B451F7596CF00252B9F /* Build configuration list for PBXNativeTarget "HMS-Express" */;
			buildPhases = (
				8C2F571C3D1576AC1023FE5A /* [CP] Check Pods Manifest.lock */,
				0B795B2F1F7596CF00252B9F /* Sources */,
				0B795B301F7596CF00252B9F /* Frameworks */,
				0B795B311F7596CF00252B9F /* Resources */,
				9331BDB314F5FF17D6154BCE /* [CP] Embed Pods Frameworks */,
				ABE2517FF434CA97E30BB3A8 /* [CP] Copy Pods Resources */,
			);
			buildRules = (
			);
			dependencies = (
			);
			name = "HMS-Express";
			productName = "HMS-Express";
			productReference = 0B795B331F7596CF00252B9F /* HMS-Express.app */;
			productType = "com.apple.product-type.application";
		};
/* End PBXNativeTarget section */

/* Begin PBXProject section */
		0B795B2B1F7596CF00252B9F /* Project object */ = {
			isa = PBXProject;
			attributes = {
				LastSwiftUpdateCheck = 0900;
				LastUpgradeCheck = 0900;
				ORGANIZATIONNAME = "Ding Zhan Chia";
				TargetAttributes = {
					0B795B321F7596CF00252B9F = {
						CreatedOnToolsVersion = 9.0;
						ProvisioningStyle = Automatic;
					};
				};
			};
			buildConfigurationList = 0B795B2E1F7596CF00252B9F /* Build configuration list for PBXProject "HMS-Express" */;
			compatibilityVersion = "Xcode 8.0";
			developmentRegion = en;
			hasScannedForEncodings = 0;
			knownRegions = (
				en,
				Base,
			);
			mainGroup = 0B795B2A1F7596CF00252B9F;
			productRefGroup = 0B795B341F7596CF00252B9F /* Products */;
			projectDirPath = "";
			projectRoot = "";
			targets = (
				0B795B321F7596CF00252B9F /* HMS-Express */,
			);
		};
/* End PBXProject section */

/* Begin PBXResourcesBuildPhase section */
		0B795B311F7596CF00252B9F /* Resources */ = {
			isa = PBXResourcesBuildPhase;
			buildActionMask = 2147483647;
			files = (
				0B795B971F759E5500252B9F /* Main.storyboard in Resources */,
				0B795B9B1F759EA100252B9F /* MainController.storyboard in Resources */,
				0B795B411F7596CF00252B9F /* LaunchScreen.storyboard in Resources */,
				0B795B9C1F759EA400252B9F /* Homestay.storyboard in Resources */,
				0B795B9D1F759EAB00252B9F /* Booknow.storyboard in Resources */,
				0B795B3E1F7596CF00252B9F /* Assets.xcassets in Resources */,
				0B795B9E1F759F8900252B9F /* GoogleService-Info.plist in Resources */,
				0B37CFC31F763F440050146B /* Welcome.storyboard in Resources */,
			);
			runOnlyForDeploymentPostprocessing = 0;
		};
/* End PBXResourcesBuildPhase section */

/* Begin PBXShellScriptBuildPhase section */
		8C2F571C3D1576AC1023FE5A /* [CP] Check Pods Manifest.lock */ = {
			isa = PBXShellScriptBuildPhase;
			buildActionMask = 2147483647;
			files = (
			);
			inputPaths = (
				"${PODS_PODFILE_DIR_PATH}/Podfile.lock",
				"${PODS_ROOT}/Manifest.lock",
			);
			name = "[CP] Check Pods Manifest.lock";
			outputPaths = (
				"$(DERIVED_FILE_DIR)/Pods-HMS-Express-checkManifestLockResult.txt",
			);
			runOnlyForDeploymentPostprocessing = 0;
			shellPath = /bin/sh;
			shellScript = "diff \"${PODS_PODFILE_DIR_PATH}/Podfile.lock\" \"${PODS_ROOT}/Manifest.lock\" > /dev/null\nif [ $? != 0 ] ; then\n    # print error to STDERR\n    echo \"error: The sandbox is not in sync with the Podfile.lock. Run 'pod install' or update your CocoaPods installation.\" >&2\n    exit 1\nfi\n# This output is used by Xcode 'outputs' to avoid re-running this script phase.\necho \"SUCCESS\" > \"${SCRIPT_OUTPUT_FILE_0}\"\n";
			showEnvVarsInLog = 0;
		};
		9331BDB314F5FF17D6154BCE /* [CP] Embed Pods Frameworks */ = {
			isa = PBXShellScriptBuildPhase;
			buildActionMask = 2147483647;
			files = (
			);
			inputPaths = (
				"${SRCROOT}/Pods/Target Support Files/Pods-HMS-Express/Pods-HMS-Express-frameworks.sh",
				"${BUILT_PRODUCTS_DIR}/GTMSessionFetcher/GTMSessionFetcher.framework",
				"${BUILT_PRODUCTS_DIR}/GoogleToolboxForMac/GoogleToolboxForMac.framework",
				"${BUILT_PRODUCTS_DIR}/leveldb-library/leveldb.framework",
				"${BUILT_PRODUCTS_DIR}/nanopb/nanopb.framework",
			);
			name = "[CP] Embed Pods Frameworks";
			outputPaths = (
				"${TARGET_BUILD_DIR}/${FRAMEWORKS_FOLDER_PATH}/GTMSessionFetcher.framework",
				"${TARGET_BUILD_DIR}/${FRAMEWORKS_FOLDER_PATH}/GoogleToolboxForMac.framework",
				"${TARGET_BUILD_DIR}/${FRAMEWORKS_FOLDER_PATH}/leveldb.framework",
				"${TARGET_BUILD_DIR}/${FRAMEWORKS_FOLDER_PATH}/nanopb.framework",
			);
			runOnlyForDeploymentPostprocessing = 0;
			shellPath = /bin/sh;
			shellScript = "\"${SRCROOT}/Pods/Target Support Files/Pods-HMS-Express/Pods-HMS-Express-frameworks.sh\"\n";
			showEnvVarsInLog = 0;
		};
		ABE2517FF434CA97E30BB3A8 /* [CP] Copy Pods Resources */ = {
			isa = PBXShellScriptBuildPhase;
			buildActionMask = 2147483647;
			files = (
			);
			inputPaths = (
			);
			name = "[CP] Copy Pods Resources";
			outputPaths = (
			);
			runOnlyForDeploymentPostprocessing = 0;
			shellPath = /bin/sh;
			shellScript = "\"${SRCROOT}/Pods/Target Support Files/Pods-HMS-Express/Pods-HMS-Express-resources.sh\"\n";
			showEnvVarsInLog = 0;
		};
/* End PBXShellScriptBuildPhase section */

/* Begin PBXSourcesBuildPhase section */
		0B795B2F1F7596CF00252B9F /* Sources */ = {
			isa = PBXSourcesBuildPhase;
			buildActionMask = 2147483647;
			files = (
				0B795B8D1F75996300252B9F /* booknow_customer_registration.swift in Sources */,
				0B795B8B1F75996300252B9F /* booknow_main.swift in Sources */,
				0B795B5D1F75972700252B9F /* Login.swift in Sources */,
				0B795B681F75973500252B9F /* Booking_schema.swift in Sources */,
				0B795B621F75972D00252B9F /* Profile.swift in Sources */,
				0B4B189D1F77A23400BC4B2D /* Homestay_page3_schema.swift in Sources */,
				0B795B8E1F75996300252B9F /* booknow_customerinfo.swift in Sources */,
				0B795B8C1F75996300252B9F /* booknow_search.swift in Sources */,
				0B795B6C1F75973500252B9F /* Company_schema.swift in Sources */,
				0B4B189B1F77A0FA00BC4B2D /* Homestay_page2_schema.swift in Sources */,
				0B795B5E1F75972700252B9F /* reset_password.swift in Sources */,
				0B795B4D1F75971700252B9F /* Bookinglist_main.swift in Sources */,
				0B37CFC81F7642AB0050146B /* Welcome_host.swift in Sources */,
				0B795B6A1F75973500252B9F /* Customer_schema.swift in Sources */,
				0B795B581F75972000252B9F /* booknow_confirmation.swift in Sources */,
				0B795B751F75974500252B9F /* Homestay_info_page1.swift in Sources */,
				0B795B691F75973500252B9F /* User_schema.swift in Sources */,
				0B37CFCD1F7670E00050146B /* Welcome_main.swift in Sources */,
				0B795B4E1F75971700252B9F /* Bookinglist_detail.swift in Sources */,
				0B795B791F75974500252B9F /* UItoggleButton.swift in Sources */,
				0B795B761F75974500252B9F /* Homestay_info_page3.swift in Sources */,
				0B795B7A1F75974500252B9F /* Homestay_main.swift in Sources */,
				0B4B18991F779D2A00BC4B2D /* pax_picker.swift in Sources */,
				0B795B6B1F75973500252B9F /* Homestay_page1_schema.swift in Sources */,
				0B795B371F7596CF00252B9F /* AppDelegate.swift in Sources */,
				0B795B601F75972700252B9F /* sign_up.swift in Sources */,
				0B795B771F75974500252B9F /* ButtonColour.swift in Sources */,
				0B795B781F75974500252B9F /* Register_View.swift in Sources */,
				0B795B741F75974500252B9F /* Homestay_info_page2.swift in Sources */,
			);
			runOnlyForDeploymentPostprocessing = 0;
		};
/* End PBXSourcesBuildPhase section */

/* Begin PBXVariantGroup section */
		0B795B3F1F7596CF00252B9F /* LaunchScreen.storyboard */ = {
			isa = PBXVariantGroup;
			children = (
				0B795B401F7596CF00252B9F /* Base */,
			);
			name = LaunchScreen.storyboard;
			sourceTree = "<group>";
		};
/* End PBXVariantGroup section */

/* Begin XCBuildConfiguration section */
		0B795B431F7596CF00252B9F /* Debug */ = {
			isa = XCBuildConfiguration;
			buildSettings = {
				ALWAYS_SEARCH_USER_PATHS = NO;
				CLANG_ANALYZER_NONNULL = YES;
				CLANG_ANALYZER_NUMBER_OBJECT_CONVERSION = YES_AGGRESSIVE;
				CLANG_CXX_LANGUAGE_STANDARD = "gnu++14";
				CLANG_CXX_LIBRARY = "libc++";
				CLANG_ENABLE_MODULES = YES;
				CLANG_ENABLE_OBJC_ARC = YES;
				CLANG_WARN_BLOCK_CAPTURE_AUTORELEASING = YES;
				CLANG_WARN_BOOL_CONVERSION = YES;
				CLANG_WARN_COMMA = YES;
				CLANG_WARN_CONSTANT_CONVERSION = YES;
				CLANG_WARN_DIRECT_OBJC_ISA_USAGE = YES_ERROR;
				CLANG_WARN_DOCUMENTATION_COMMENTS = YES;
				CLANG_WARN_EMPTY_BODY = YES;
				CLANG_WARN_ENUM_CONVERSION = YES;
				CLANG_WARN_INFINITE_RECURSION = YES;
				CLANG_WARN_INT_CONVERSION = YES;
				CLANG_WARN_NON_LITERAL_NULL_CONVERSION = YES;
				CLANG_WARN_OBJC_LITERAL_CONVERSION = YES;
				CLANG_WARN_OBJC_ROOT_CLASS = YES_ERROR;
				CLANG_WARN_RANGE_LOOP_ANALYSIS = YES;
				CLANG_WARN_STRICT_PROTOTYPES = YES;
				CLANG_WARN_SUSPICIOUS_MOVE = YES;
				CLANG_WARN_UNGUARDED_AVAILABILITY = YES_AGGRESSIVE;
				CLANG_WARN_UNREACHABLE_CODE = YES;
				CLANG_WARN__DUPLICATE_METHOD_MATCH = YES;
				CODE_SIGN_IDENTITY = "iPhone Developer";
				COPY_PHASE_STRIP = NO;
				DEBUG_INFORMATION_FORMAT = dwarf;
				ENABLE_STRICT_OBJC_MSGSEND = YES;
				ENABLE_TESTABILITY = YES;
				GCC_C_LANGUAGE_STANDARD = gnu11;
				GCC_DYNAMIC_NO_PIC = NO;
				GCC_NO_COMMON_BLOCKS = YES;
				GCC_OPTIMIZATION_LEVEL = 0;
				GCC_PREPROCESSOR_DEFINITIONS = (
					"DEBUG=1",
					"$(inherited)",
				);
				GCC_WARN_64_TO_32_BIT_CONVERSION = YES;
				GCC_WARN_ABOUT_RETURN_TYPE = YES_ERROR;
				GCC_WARN_UNDECLARED_SELECTOR = YES;
				GCC_WARN_UNINITIALIZED_AUTOS = YES_AGGRESSIVE;
				GCC_WARN_UNUSED_FUNCTION = YES;
				GCC_WARN_UNUSED_VARIABLE = YES;
				IPHONEOS_DEPLOYMENT_TARGET = 11.0;
				MTL_ENABLE_DEBUG_INFO = YES;
				ONLY_ACTIVE_ARCH = YES;
				SDKROOT = iphoneos;
				SWIFT_ACTIVE_COMPILATION_CONDITIONS = DEBUG;
				SWIFT_OPTIMIZATION_LEVEL = "-Onone";
			};
			name = Debug;
		};
		0B795B441F7596CF00252B9F /* Release */ = {
			isa = XCBuildConfiguration;
			buildSettings = {
				ALWAYS_SEARCH_USER_PATHS = NO;
				CLANG_ANALYZER_NONNULL = YES;
				CLANG_ANALYZER_NUMBER_OBJECT_CONVERSION = YES_AGGRESSIVE;
				CLANG_CXX_LANGUAGE_STANDARD = "gnu++14";
				CLANG_CXX_LIBRARY = "libc++";
				CLANG_ENABLE_MODULES = YES;
				CLANG_ENABLE_OBJC_ARC = YES;
				CLANG_WARN_BLOCK_CAPTURE_AUTORELEASING = YES;
				CLANG_WARN_BOOL_CONVERSION = YES;
				CLANG_WARN_COMMA = YES;
				CLANG_WARN_CONSTANT_CONVERSION = YES;
				CLANG_WARN_DIRECT_OBJC_ISA_USAGE = YES_ERROR;
				CLANG_WARN_DOCUMENTATION_COMMENTS = YES;
				CLANG_WARN_EMPTY_BODY = YES;
				CLANG_WARN_ENUM_CONVERSION = YES;
				CLANG_WARN_INFINITE_RECURSION = YES;
				CLANG_WARN_INT_CONVERSION = YES;
				CLANG_WARN_NON_LITERAL_NULL_CONVERSION = YES;
				CLANG_WARN_OBJC_LITERAL_CONVERSION = YES;
				CLANG_WARN_OBJC_ROOT_CLASS = YES_ERROR;
				CLANG_WARN_RANGE_LOOP_ANALYSIS = YES;
				CLANG_WARN_STRICT_PROTOTYPES = YES;
				CLANG_WARN_SUSPICIOUS_MOVE = YES;
				CLANG_WARN_UNGUARDED_AVAILABILITY = YES_AGGRESSIVE;
				CLANG_WARN_UNREACHABLE_CODE = YES;
				CLANG_WARN__DUPLICATE_METHOD_MATCH = YES;
				CODE_SIGN_IDENTITY = "iPhone Developer";
				COPY_PHASE_STRIP = NO;
				DEBUG_INFORMATION_FORMAT = "dwarf-with-dsym";
				ENABLE_NS_ASSERTIONS = NO;
				ENABLE_STRICT_OBJC_MSGSEND = YES;
				GCC_C_LANGUAGE_STANDARD = gnu11;
				GCC_NO_COMMON_BLOCKS = YES;
				GCC_WARN_64_TO_32_BIT_CONVERSION = YES;
				GCC_WARN_ABOUT_RETURN_TYPE = YES_ERROR;
				GCC_WARN_UNDECLARED_SELECTOR = YES;
				GCC_WARN_UNINITIALIZED_AUTOS = YES_AGGRESSIVE;
				GCC_WARN_UNUSED_FUNCTION = YES;
				GCC_WARN_UNUSED_VARIABLE = YES;
				IPHONEOS_DEPLOYMENT_TARGET = 11.0;
				MTL_ENABLE_DEBUG_INFO = NO;
				SDKROOT = iphoneos;
				SWIFT_OPTIMIZATION_LEVEL = "-Owholemodule";
				VALIDATE_PRODUCT = YES;
			};
			name = Release;
		};
		0B795B461F7596CF00252B9F /* Debug */ = {
			isa = XCBuildConfiguration;
			baseConfigurationReference = 017D02EDAA384F5E13733111 /* Pods-HMS-Express.debug.xcconfig */;
			buildSettings = {
				ASSETCATALOG_COMPILER_APPICON_NAME = AppIcon;
				CODE_SIGN_STYLE = Automatic;
				DEVELOPMENT_TEAM = N8F686FJLU;
				INFOPLIST_FILE = "HMS-Express/Info.plist";
				LD_RUNPATH_SEARCH_PATHS = "$(inherited) @executable_path/Frameworks";
				PRODUCT_BUNDLE_IDENTIFIER = "ScrewIt.HMS-Express";
				PRODUCT_NAME = "$(TARGET_NAME)";
				SWIFT_VERSION = 4.0;
				TARGETED_DEVICE_FAMILY = "1,2";
			};
			name = Debug;
		};
		0B795B471F7596CF00252B9F /* Release */ = {
			isa = XCBuildConfiguration;
			baseConfigurationReference = F594A3D31AA5E6C58D875561 /* Pods-HMS-Express.release.xcconfig */;
			buildSettings = {
				ASSETCATALOG_COMPILER_APPICON_NAME = AppIcon;
				CODE_SIGN_STYLE = Automatic;
				DEVELOPMENT_TEAM = N8F686FJLU;
				INFOPLIST_FILE = "HMS-Express/Info.plist";
				LD_RUNPATH_SEARCH_PATHS = "$(inherited) @executable_path/Frameworks";
				PRODUCT_BUNDLE_IDENTIFIER = "ScrewIt.HMS-Express";
				PRODUCT_NAME = "$(TARGET_NAME)";
				SWIFT_VERSION = 4.0;
				TARGETED_DEVICE_FAMILY = "1,2";
			};
			name = Release;
		};
/* End XCBuildConfiguration section */

/* Begin XCConfigurationList section */
		0B795B2E1F7596CF00252B9F /* Build configuration list for PBXProject "HMS-Express" */ = {
			isa = XCConfigurationList;
			buildConfigurations = (
				0B795B431F7596CF00252B9F /* Debug */,
				0B795B441F7596CF00252B9F /* Release */,
			);
			defaultConfigurationIsVisible = 0;
			defaultConfigurationName = Release;
		};
		0B795B451F7596CF00252B9F /* Build configuration list for PBXNativeTarget "HMS-Express" */ = {
			isa = XCConfigurationList;
			buildConfigurations = (
				0B795B461F7596CF00252B9F /* Debug */,
				0B795B471F7596CF00252B9F /* Release */,
			);
			defaultConfigurationIsVisible = 0;
			defaultConfigurationName = Release;
		};
/* End XCConfigurationList section */
	};
	rootObject = 0B795B2B1F7596CF00252B9F /* Project object */;
}
